// !$*UTF8*$!
{
	archiveVersion = 1;
	classes = {
	};
	objectVersion = 56;
	objects = {

/* Begin PBXBuildFile section */
		D6D935762AE0130D0055E9E1 /* SwiftDataToDoApp.swift in Sources */ = {isa = PBXBuildFile; fileRef = D6D935752AE0130D0055E9E1 /* SwiftDataToDoApp.swift */; };
		D6D935782AE0130D0055E9E1 /* ContentView.swift in Sources */ = {isa = PBXBuildFile; fileRef = D6D935772AE0130D0055E9E1 /* ContentView.swift */; };
		D6D9357A2AE0130D0055E9E1 /* Item.swift in Sources */ = {isa = PBXBuildFile; fileRef = D6D935792AE0130D0055E9E1 /* Item.swift */; };
		D6D9357C2AE0130F0055E9E1 /* Assets.xcassets in Resources */ = {isa = PBXBuildFile; fileRef = D6D9357B2AE0130F0055E9E1 /* Assets.xcassets */; };
		D6D9357F2AE0130F0055E9E1 /* Preview Assets.xcassets in Resources */ = {isa = PBXBuildFile; fileRef = D6D9357E2AE0130F0055E9E1 /* Preview Assets.xcassets */; };
		D6D935892AE0130F0055E9E1 /* SwiftDataToDoTests.swift in Sources */ = {isa = PBXBuildFile; fileRef = D6D935882AE0130F0055E9E1 /* SwiftDataToDoTests.swift */; };
		D6D935932AE0130F0055E9E1 /* SwiftDataToDoUITests.swift in Sources */ = {isa = PBXBuildFile; fileRef = D6D935922AE0130F0055E9E1 /* SwiftDataToDoUITests.swift */; };
		D6D935952AE0130F0055E9E1 /* SwiftDataToDoUITestsLaunchTests.swift in Sources */ = {isa = PBXBuildFile; fileRef = D6D935942AE0130F0055E9E1 /* SwiftDataToDoUITestsLaunchTests.swift */; };
/* End PBXBuildFile section */

/* Begin PBXContainerItemProxy section */
		D6D935852AE0130F0055E9E1 /* PBXContainerItemProxy */ = {
			isa = PBXContainerItemProxy;
			containerPortal = D6D9356A2AE0130D0055E9E1 /* Project object */;
			proxyType = 1;
			remoteGlobalIDString = D6D935712AE0130D0055E9E1;
			remoteInfo = SwiftDataToDo;
		};
		D6D9358F2AE0130F0055E9E1 /* PBXContainerItemProxy */ = {
			isa = PBXContainerItemProxy;
			containerPortal = D6D9356A2AE0130D0055E9E1 /* Project object */;
			proxyType = 1;
			remoteGlobalIDString = D6D935712AE0130D0055E9E1;
			remoteInfo = SwiftDataToDo;
		};
/* End PBXContainerItemProxy section */

/* Begin PBXFileReference section */
		D6D935722AE0130D0055E9E1 /* SwiftDataToDo.app */ = {isa = PBXFileReference; explicitFileType = wrapper.application; includeInIndex = 0; path = SwiftDataToDo.app; sourceTree = BUILT_PRODUCTS_DIR; };
		D6D935752AE0130D0055E9E1 /* SwiftDataToDoApp.swift */ = {isa = PBXFileReference; lastKnownFileType = sourcecode.swift; path = SwiftDataToDoApp.swift; sourceTree = "<group>"; };
		D6D935772AE0130D0055E9E1 /* ContentView.swift */ = {isa = PBXFileReference; lastKnownFileType = sourcecode.swift; path = ContentView.swift; sourceTree = "<group>"; };
		D6D935792AE0130D0055E9E1 /* Item.swift */ = {isa = PBXFileReference; lastKnownFileType = sourcecode.swift; path = Item.swift; sourceTree = "<group>"; };
		D6D9357B2AE0130F0055E9E1 /* Assets.xcassets */ = {isa = PBXFileReference; lastKnownFileType = folder.assetcatalog; path = Assets.xcassets; sourceTree = "<group>"; };
		D6D9357E2AE0130F0055E9E1 /* Preview Assets.xcassets */ = {isa = PBXFileReference; lastKnownFileType = folder.assetcatalog; path = "Preview Assets.xcassets"; sourceTree = "<group>"; };
		D6D935842AE0130F0055E9E1 /* SwiftDataToDoTests.xctest */ = {isa = PBXFileReference; explicitFileType = wrapper.cfbundle; includeInIndex = 0; path = SwiftDataToDoTests.xctest; sourceTree = BUILT_PRODUCTS_DIR; };
		D6D935882AE0130F0055E9E1 /* SwiftDataToDoTests.swift */ = {isa = PBXFileReference; lastKnownFileType = sourcecode.swift; path = SwiftDataToDoTests.swift; sourceTree = "<group>"; };
		D6D9358E2AE0130F0055E9E1 /* SwiftDataToDoUITests.xctest */ = {isa = PBXFileReference; explicitFileType = wrapper.cfbundle; includeInIndex = 0; path = SwiftDataToDoUITests.xctest; sourceTree = BUILT_PRODUCTS_DIR; };
		D6D935922AE0130F0055E9E1 /* SwiftDataToDoUITests.swift */ = {isa = PBXFileReference; lastKnownFileType = sourcecode.swift; path = SwiftDataToDoUITests.swift; sourceTree = "<group>"; };
		D6D935942AE0130F0055E9E1 /* SwiftDataToDoUITestsLaunchTests.swift */ = {isa = PBXFileReference; lastKnownFileType = sourcecode.swift; path = SwiftDataToDoUITestsLaunchTests.swift; sourceTree = "<group>"; };
/* End PBXFileReference section */

/* Begin PBXFrameworksBuildPhase section */
		D6D9356F2AE0130D0055E9E1 /* Frameworks */ = {
			isa = PBXFrameworksBuildPhase;
			buildActionMask = 2147483647;
			files = (
			);
			runOnlyForDeploymentPostprocessing = 0;
		};
		D6D935812AE0130F0055E9E1 /* Frameworks */ = {
			isa = PBXFrameworksBuildPhase;
			buildActionMask = 2147483647;
			files = (
			);
			runOnlyForDeploymentPostprocessing = 0;
		};
		D6D9358B2AE0130F0055E9E1 /* Frameworks */ = {
			isa = PBXFrameworksBuildPhase;
			buildActionMask = 2147483647;
			files = (
			);
			runOnlyForDeploymentPostprocessing = 0;
		};
/* End PBXFrameworksBuildPhase section */

/* Begin PBXGroup section */
		D6D935692AE0130D0055E9E1 = {
			isa = PBXGroup;
			children = (
				D6D935742AE0130D0055E9E1 /* SwiftDataToDo */,
				D6D935872AE0130F0055E9E1 /* SwiftDataToDoTests */,
				D6D935912AE0130F0055E9E1 /* SwiftDataToDoUITests */,
				D6D935732AE0130D0055E9E1 /* Products */,
			);
			sourceTree = "<group>";
		};
		D6D935732AE0130D0055E9E1 /* Products */ = {
			isa = PBXGroup;
			children = (
				D6D935722AE0130D0055E9E1 /* SwiftDataToDo.app */,
				D6D935842AE0130F0055E9E1 /* SwiftDataToDoTests.xctest */,
				D6D9358E2AE0130F0055E9E1 /* SwiftDataToDoUITests.xctest */,
			);
			name = Products;
			sourceTree = "<group>";
		};
		D6D935742AE0130D0055E9E1 /* SwiftDataToDo */ = {
			isa = PBXGroup;
			children = (
				D6D935752AE0130D0055E9E1 /* SwiftDataToDoApp.swift */,
				D6D935772AE0130D0055E9E1 /* ContentView.swift */,
				D6D935792AE0130D0055E9E1 /* Item.swift */,
				D6D9357B2AE0130F0055E9E1 /* Assets.xcassets */,
				D6D9357D2AE0130F0055E9E1 /* Preview Content */,
			);
			path = SwiftDataToDo;
			sourceTree = "<group>";
		};
		D6D9357D2AE0130F0055E9E1 /* Preview Content */ = {
			isa = PBXGroup;
			children = (
				D6D9357E2AE0130F0055E9E1 /* Preview Assets.xcassets */,
			);
			path = "Preview Content";
			sourceTree = "<group>";
		};
		D6D935872AE0130F0055E9E1 /* SwiftDataToDoTests */ = {
			isa = PBXGroup;
			children = (
				D6D935882AE0130F0055E9E1 /* SwiftDataToDoTests.swift */,
			);
			path = SwiftDataToDoTests;
			sourceTree = "<group>";
		};
		D6D935912AE0130F0055E9E1 /* SwiftDataToDoUITests */ = {
			isa = PBXGroup;
			children = (
				D6D935922AE0130F0055E9E1 /* SwiftDataToDoUITests.swift */,
				D6D935942AE0130F0055E9E1 /* SwiftDataToDoUITestsLaunchTests.swift */,
			);
			path = SwiftDataToDoUITests;
			sourceTree = "<group>";
		};
/* End PBXGroup section */

/* Begin PBXNativeTarget section */
		D6D935712AE0130D0055E9E1 /* SwiftDataToDo */ = {
			isa = PBXNativeTarget;
			buildConfigurationList = D6D935982AE0130F0055E9E1 /* Build configuration list for PBXNativeTarget "SwiftDataToDo" */;
			buildPhases = (
				D6D9356E2AE0130D0055E9E1 /* Sources */,
				D6D9356F2AE0130D0055E9E1 /* Frameworks */,
				D6D935702AE0130D0055E9E1 /* Resources */,
			);
			buildRules = (
			);
			dependencies = (
			);
			name = SwiftDataToDo;
			productName = SwiftDataToDo;
			productReference = D6D935722AE0130D0055E9E1 /* SwiftDataToDo.app */;
			productType = "com.apple.product-type.application";
		};
		D6D935832AE0130F0055E9E1 /* SwiftDataToDoTests */ = {
			isa = PBXNativeTarget;
			buildConfigurationList = D6D9359B2AE0130F0055E9E1 /* Build configuration list for PBXNativeTarget "SwiftDataToDoTests" */;
			buildPhases = (
				D6D935802AE0130F0055E9E1 /* Sources */,
				D6D935812AE0130F0055E9E1 /* Frameworks */,
				D6D935822AE0130F0055E9E1 /* Resources */,
			);
			buildRules = (
			);
			dependencies = (
				D6D935862AE0130F0055E9E1 /* PBXTargetDependency */,
			);
			name = SwiftDataToDoTests;
			productName = SwiftDataToDoTests;
			productReference = D6D935842AE0130F0055E9E1 /* SwiftDataToDoTests.xctest */;
			productType = "com.apple.product-type.bundle.unit-test";
		};
		D6D9358D2AE0130F0055E9E1 /* SwiftDataToDoUITests */ = {
			isa = PBXNativeTarget;
			buildConfigurationList = D6D9359E2AE0130F0055E9E1 /* Build configuration list for PBXNativeTarget "SwiftDataToDoUITests" */;
			buildPhases = (
				D6D9358A2AE0130F0055E9E1 /* Sources */,
				D6D9358B2AE0130F0055E9E1 /* Frameworks */,
				D6D9358C2AE0130F0055E9E1 /* Resources */,
			);
			buildRules = (
			);
			dependencies = (
				D6D935902AE0130F0055E9E1 /* PBXTargetDependency */,
			);
			name = SwiftDataToDoUITests;
			productName = SwiftDataToDoUITests;
			productReference = D6D9358E2AE0130F0055E9E1 /* SwiftDataToDoUITests.xctest */;
			productType = "com.apple.product-type.bundle.ui-testing";
		};
/* End PBXNativeTarget section */

/* Begin PBXProject section */
		D6D9356A2AE0130D0055E9E1 /* Project object */ = {
			isa = PBXProject;
			attributes = {
				BuildIndependentTargetsInParallel = 1;
				LastSwiftUpdateCheck = 1500;
				LastUpgradeCheck = 1500;
				TargetAttributes = {
					D6D935712AE0130D0055E9E1 = {
						CreatedOnToolsVersion = 15.0;
					};
					D6D935832AE0130F0055E9E1 = {
						CreatedOnToolsVersion = 15.0;
						TestTargetID = D6D935712AE0130D0055E9E1;
					};
					D6D9358D2AE0130F0055E9E1 = {
						CreatedOnToolsVersion = 15.0;
						TestTargetID = D6D935712AE0130D0055E9E1;
					};
				};
			};
			buildConfigurationList = D6D9356D2AE0130D0055E9E1 /* Build configuration list for PBXProject "SwiftDataToDo" */;
			compatibilityVersion = "Xcode 14.0";
			developmentRegion = en;
			hasScannedForEncodings = 0;
			knownRegions = (
				en,
				Base,
			);
			mainGroup = D6D935692AE0130D0055E9E1;
			productRefGroup = D6D935732AE0130D0055E9E1 /* Products */;
			projectDirPath = "";
			projectRoot = "";
			targets = (
				D6D935712AE0130D0055E9E1 /* SwiftDataToDo */,
				D6D935832AE0130F0055E9E1 /* SwiftDataToDoTests */,
				D6D9358D2AE0130F0055E9E1 /* SwiftDataToDoUITests */,
			);
		};
/* End PBXProject section */

/* Begin PBXResourcesBuildPhase section */
		D6D935702AE0130D0055E9E1 /* Resources */ = {
			isa = PBXResourcesBuildPhase;
			buildActionMask = 2147483647;
			files = (
				D6D9357F2AE0130F0055E9E1 /* Preview Assets.xcassets in Resources */,
				D6D9357C2AE0130F0055E9E1 /* Assets.xcassets in Resources */,
			);
			runOnlyForDeploymentPostprocessing = 0;
		};
		D6D935822AE0130F0055E9E1 /* Resources */ = {
			isa = PBXResourcesBuildPhase;
			buildActionMask = 2147483647;
			files = (
			);
			runOnlyForDeploymentPostprocessing = 0;
		};
		D6D9358C2AE0130F0055E9E1 /* Resources */ = {
			isa = PBXResourcesBuildPhase;
			buildActionMask = 2147483647;
			files = (
			);
			runOnlyForDeploymentPostprocessing = 0;
		};
/* End PBXResourcesBuildPhase section */

/* Begin PBXSourcesBuildPhase section */
		D6D9356E2AE0130D0055E9E1 /* Sources */ = {
			isa = PBXSourcesBuildPhase;
			buildActionMask = 2147483647;
			files = (
				D6D935782AE0130D0055E9E1 /* ContentView.swift in Sources */,
				D6D9357A2AE0130D0055E9E1 /* Item.swift in Sources */,
				D6D935762AE0130D0055E9E1 /* SwiftDataToDoApp.swift in Sources */,
			);
			runOnlyForDeploymentPostprocessing = 0;
		};
		D6D935802AE0130F0055E9E1 /* Sources */ = {
			isa = PBXSourcesBuildPhase;
			buildActionMask = 2147483647;
			files = (
				D6D935892AE0130F0055E9E1 /* SwiftDataToDoTests.swift in Sources */,
			);
			runOnlyForDeploymentPostprocessing = 0;
		};
		D6D9358A2AE0130F0055E9E1 /* Sources */ = {
			isa = PBXSourcesBuildPhase;
			buildActionMask = 2147483647;
			files = (
				D6D935952AE0130F0055E9E1 /* SwiftDataToDoUITestsLaunchTests.swift in Sources */,
				D6D935932AE0130F0055E9E1 /* SwiftDataToDoUITests.swift in Sources */,
			);
			runOnlyForDeploymentPostprocessing = 0;
		};
/* End PBXSourcesBuildPhase section */

/* Begin PBXTargetDependency section */
		D6D935862AE0130F0055E9E1 /* PBXTargetDependency */ = {
			isa = PBXTargetDependency;
			target = D6D935712AE0130D0055E9E1 /* SwiftDataToDo */;
			targetProxy = D6D935852AE0130F0055E9E1 /* PBXContainerItemProxy */;
		};
		D6D935902AE0130F0055E9E1 /* PBXTargetDependency */ = {
			isa = PBXTargetDependency;
			target = D6D935712AE0130D0055E9E1 /* SwiftDataToDo */;
			targetProxy = D6D9358F2AE0130F0055E9E1 /* PBXContainerItemProxy */;
		};
/* End PBXTargetDependency section */

/* Begin XCBuildConfiguration section */
		D6D935962AE0130F0055E9E1 /* Debug */ = {
			isa = XCBuildConfiguration;
			buildSettings = {
				ALWAYS_SEARCH_USER_PATHS = NO;
				ASSETCATALOG_COMPILER_GENERATE_SWIFT_ASSET_SYMBOL_EXTENSIONS = YES;
				CLANG_ANALYZER_NONNULL = YES;
				CLANG_ANALYZER_NUMBER_OBJECT_CONVERSION = YES_AGGRESSIVE;
				CLANG_CXX_LANGUAGE_STANDARD = "gnu++20";
				CLANG_ENABLE_MODULES = YES;
				CLANG_ENABLE_OBJC_ARC = YES;
				CLANG_ENABLE_OBJC_WEAK = YES;
				CLANG_WARN_BLOCK_CAPTURE_AUTORELEASING = YES;
				CLANG_WARN_BOOL_CONVERSION = YES;
				CLANG_WARN_COMMA = YES;
				CLANG_WARN_CONSTANT_CONVERSION = YES;
				CLANG_WARN_DEPRECATED_OBJC_IMPLEMENTATIONS = YES;
				CLANG_WARN_DIRECT_OBJC_ISA_USAGE = YES_ERROR;
				CLANG_WARN_DOCUMENTATION_COMMENTS = YES;
				CLANG_WARN_EMPTY_BODY = YES;
				CLANG_WARN_ENUM_CONVERSION = YES;
				CLANG_WARN_INFINITE_RECURSION = YES;
				CLANG_WARN_INT_CONVERSION = YES;
				CLANG_WARN_NON_LITERAL_NULL_CONVERSION = YES;
				CLANG_WARN_OBJC_IMPLICIT_RETAIN_SELF = YES;
				CLANG_WARN_OBJC_LITERAL_CONVERSION = YES;
				CLANG_WARN_OBJC_ROOT_CLASS = YES_ERROR;
				CLANG_WARN_QUOTED_INCLUDE_IN_FRAMEWORK_HEADER = YES;
				CLANG_WARN_RANGE_LOOP_ANALYSIS = YES;
				CLANG_WARN_STRICT_PROTOTYPES = YES;
				CLANG_WARN_SUSPICIOUS_MOVE = YES;
				CLANG_WARN_UNGUARDED_AVAILABILITY = YES_AGGRESSIVE;
				CLANG_WARN_UNREACHABLE_CODE = YES;
				CLANG_WARN__DUPLICATE_METHOD_MATCH = YES;
				COPY_PHASE_STRIP = NO;
				DEBUG_INFORMATION_FORMAT = dwarf;
				ENABLE_STRICT_OBJC_MSGSEND = YES;
				ENABLE_TESTABILITY = YES;
				ENABLE_USER_SCRIPT_SANDBOXING = YES;
				GCC_C_LANGUAGE_STANDARD = gnu17;
				GCC_DYNAMIC_NO_PIC = NO;
				GCC_NO_COMMON_BLOCKS = YES;
				GCC_OPTIMIZATION_LEVEL = 0;
				GCC_PREPROCESSOR_DEFINITIONS = (
					"DEBUG=1",
					"$(inherited)",
				);
				GCC_WARN_64_TO_32_BIT_CONVERSION = YES;
				GCC_WARN_ABOUT_RETURN_TYPE = YES_ERROR;
				GCC_WARN_UNDECLARED_SELECTOR = YES;
				GCC_WARN_UNINITIALIZED_AUTOS = YES_AGGRESSIVE;
				GCC_WARN_UNUSED_FUNCTION = YES;
				GCC_WARN_UNUSED_VARIABLE = YES;
				IPHONEOS_DEPLOYMENT_TARGET = 17.0;
				LOCALIZATION_PREFERS_STRING_CATALOGS = YES;
				MTL_ENABLE_DEBUG_INFO = INCLUDE_SOURCE;
				MTL_FAST_MATH = YES;
				ONLY_ACTIVE_ARCH = YES;
				SDKROOT = iphoneos;
				SWIFT_ACTIVE_COMPILATION_CONDITIONS = "DEBUG $(inherited)";
				SWIFT_OPTIMIZATION_LEVEL = "-Onone";
			};
			name = Debug;
		};
		D6D935972AE0130F0055E9E1 /* Release */ = {
			isa = XCBuildConfiguration;
			buildSettings = {
				ALWAYS_SEARCH_USER_PATHS = NO;
				ASSETCATALOG_COMPILER_GENERATE_SWIFT_ASSET_SYMBOL_EXTENSIONS = YES;
				CLANG_ANALYZER_NONNULL = YES;
				CLANG_ANALYZER_NUMBER_OBJECT_CONVERSION = YES_AGGRESSIVE;
				CLANG_CXX_LANGUAGE_STANDARD = "gnu++20";
				CLANG_ENABLE_MODULES = YES;
				CLANG_ENABLE_OBJC_ARC = YES;
				CLANG_ENABLE_OBJC_WEAK = YES;
				CLANG_WARN_BLOCK_CAPTURE_AUTORELEASING = YES;
				CLANG_WARN_BOOL_CONVERSION = YES;
				CLANG_WARN_COMMA = YES;
				CLANG_WARN_CONSTANT_CONVERSION = YES;
				CLANG_WARN_DEPRECATED_OBJC_IMPLEMENTATIONS = YES;
				CLANG_WARN_DIRECT_OBJC_ISA_USAGE = YES_ERROR;
				CLANG_WARN_DOCUMENTATION_COMMENTS = YES;
				CLANG_WARN_EMPTY_BODY = YES;
				CLANG_WARN_ENUM_CONVERSION = YES;
				CLANG_WARN_INFINITE_RECURSION = YES;
				CLANG_WARN_INT_CONVERSION = YES;
				CLANG_WARN_NON_LITERAL_NULL_CONVERSION = YES;
				CLANG_WARN_OBJC_IMPLICIT_RETAIN_SELF = YES;
				CLANG_WARN_OBJC_LITERAL_CONVERSION = YES;
				CLANG_WARN_OBJC_ROOT_CLASS = YES_ERROR;
				CLANG_WARN_QUOTED_INCLUDE_IN_FRAMEWORK_HEADER = YES;
				CLANG_WARN_RANGE_LOOP_ANALYSIS = YES;
				CLANG_WARN_STRICT_PROTOTYPES = YES;
				CLANG_WARN_SUSPICIOUS_MOVE = YES;
				CLANG_WARN_UNGUARDED_AVAILABILITY = YES_AGGRESSIVE;
				CLANG_WARN_UNREACHABLE_CODE = YES;
				CLANG_WARN__DUPLICATE_METHOD_MATCH = YES;
				COPY_PHASE_STRIP = NO;
				DEBUG_INFORMATION_FORMAT = "dwarf-with-dsym";
				ENABLE_NS_ASSERTIONS = NO;
				ENABLE_STRICT_OBJC_MSGSEND = YES;
				ENABLE_USER_SCRIPT_SANDBOXING = YES;
				GCC_C_LANGUAGE_STANDARD = gnu17;
				GCC_NO_COMMON_BLOCKS = YES;
				GCC_WARN_64_TO_32_BIT_CONVERSION = YES;
				GCC_WARN_ABOUT_RETURN_TYPE = YES_ERROR;
				GCC_WARN_UNDECLARED_SELECTOR = YES;
				GCC_WARN_UNINITIALIZED_AUTOS = YES_AGGRESSIVE;
				GCC_WARN_UNUSED_FUNCTION = YES;
				GCC_WARN_UNUSED_VARIABLE = YES;
				IPHONEOS_DEPLOYMENT_TARGET = 17.0;
				LOCALIZATION_PREFERS_STRING_CATALOGS = YES;
				MTL_ENABLE_DEBUG_INFO = NO;
				MTL_FAST_MATH = YES;
				SDKROOT = iphoneos;
				SWIFT_COMPILATION_MODE = wholemodule;
				VALIDATE_PRODUCT = YES;
			};
			name = Release;
		};
		D6D935992AE0130F0055E9E1 /* Debug */ = {
			isa = XCBuildConfiguration;
			buildSettings = {
				ASSETCATALOG_COMPILER_APPICON_NAME = AppIcon;
				ASSETCATALOG_COMPILER_GLOBAL_ACCENT_COLOR_NAME = AccentColor;
				CODE_SIGN_STYLE = Automatic;
				CURRENT_PROJECT_VERSION = 1;
				DEVELOPMENT_ASSET_PATHS = "\"SwiftDataToDo/Preview Content\"";
				DEVELOPMENT_TEAM = HF42G63PQY;
				ENABLE_PREVIEWS = YES;
				GENERATE_INFOPLIST_FILE = YES;
				INFOPLIST_KEY_UIApplicationSceneManifest_Generation = YES;
				INFOPLIST_KEY_UIApplicationSupportsIndirectInputEvents = YES;
				INFOPLIST_KEY_UILaunchScreen_Generation = YES;
				INFOPLIST_KEY_UISupportedInterfaceOrientations_iPad = "UIInterfaceOrientationPortrait UIInterfaceOrientationPortraitUpsideDown UIInterfaceOrientationLandscapeLeft UIInterfaceOrientationLandscapeRight";
				INFOPLIST_KEY_UISupportedInterfaceOrientations_iPhone = "UIInterfaceOrientationPortrait UIInterfaceOrientationLandscapeLeft UIInterfaceOrientationLandscapeRight";
				LD_RUNPATH_SEARCH_PATHS = (
					"$(inherited)",
					"@executable_path/Frameworks",
				);
				MARKETING_VERSION = 1.0;
				PRODUCT_BUNDLE_IDENTIFIER = com.ribereo.minami.SwiftDataToDo;
				PRODUCT_NAME = "$(TARGET_NAME)";
				SWIFT_EMIT_LOC_STRINGS = YES;
				SWIFT_VERSION = 5.0;
				TARGETED_DEVICE_FAMILY = "1,2";
			};
			name = Debug;
		};
		D6D9359A2AE0130F0055E9E1 /* Release */ = {
			isa = XCBuildConfiguration;
			buildSettings = {
				ASSETCATALOG_COMPILER_APPICON_NAME = AppIcon;
				ASSETCATALOG_COMPILER_GLOBAL_ACCENT_COLOR_NAME = AccentColor;
				CODE_SIGN_STYLE = Automatic;
				CURRENT_PROJECT_VERSION = 1;
				DEVELOPMENT_ASSET_PATHS = "\"SwiftDataToDo/Preview Content\"";
				DEVELOPMENT_TEAM = HF42G63PQY;
				ENABLE_PREVIEWS = YES;
				GENERATE_INFOPLIST_FILE = YES;
				INFOPLIST_KEY_UIApplicationSceneManifest_Generation = YES;
				INFOPLIST_KEY_UIApplicationSupportsIndirectInputEvents = YES;
				INFOPLIST_KEY_UILaunchScreen_Generation = YES;
				INFOPLIST_KEY_UISupportedInterfaceOrientations_iPad = "UIInterfaceOrientationPortrait UIInterfaceOrientationPortraitUpsideDown UIInterfaceOrientationLandscapeLeft UIInterfaceOrientationLandscapeRight";
				INFOPLIST_KEY_UISupportedInterfaceOrientations_iPhone = "UIInterfaceOrientationPortrait UIInterfaceOrientationLandscapeLeft UIInterfaceOrientationLandscapeRight";
				LD_RUNPATH_SEARCH_PATHS = (
					"$(inherited)",
					"@executable_path/Frameworks",
				);
				MARKETING_VERSION = 1.0;
				PRODUCT_BUNDLE_IDENTIFIER = com.ribereo.minami.SwiftDataToDo;
				PRODUCT_NAME = "$(TARGET_NAME)";
				SWIFT_EMIT_LOC_STRINGS = YES;
				SWIFT_VERSION = 5.0;
				TARGETED_DEVICE_FAMILY = "1,2";
			};
			name = Release;
		};
		D6D9359C2AE0130F0055E9E1 /* Debug */ = {
			isa = XCBuildConfiguration;
			buildSettings = {
				ALWAYS_EMBED_SWIFT_STANDARD_LIBRARIES = YES;
				BUNDLE_LOADER = "$(TEST_HOST)";
				CODE_SIGN_STYLE = Automatic;
				CURRENT_PROJECT_VERSION = 1;
				DEVELOPMENT_TEAM = HF42G63PQY;
				GENERATE_INFOPLIST_FILE = YES;
				IPHONEOS_DEPLOYMENT_TARGET = 17.0;
				MARKETING_VERSION = 1.0;
				PRODUCT_BUNDLE_IDENTIFIER = com.ribereo.minami.SwiftDataToDoTests;
				PRODUCT_NAME = "$(TARGET_NAME)";
				SWIFT_EMIT_LOC_STRINGS = NO;
				SWIFT_VERSION = 5.0;
				TARGETED_DEVICE_FAMILY = "1,2";
				TEST_HOST = "$(BUILT_PRODUCTS_DIR)/SwiftDataToDo.app/$(BUNDLE_EXECUTABLE_FOLDER_PATH)/SwiftDataToDo";
			};
			name = Debug;
		};
		D6D9359D2AE0130F0055E9E1 /* Release */ = {
			isa = XCBuildConfiguration;
			buildSettings = {
				ALWAYS_EMBED_SWIFT_STANDARD_LIBRARIES = YES;
				BUNDLE_LOADER = "$(TEST_HOST)";
				CODE_SIGN_STYLE = Automatic;
				CURRENT_PROJECT_VERSION = 1;
				DEVELOPMENT_TEAM = HF42G63PQY;
				GENERATE_INFOPLIST_FILE = YES;
				IPHONEOS_DEPLOYMENT_TARGET = 17.0;
				MARKETING_VERSION = 1.0;
				PRODUCT_BUNDLE_IDENTIFIER = com.ribereo.minami.SwiftDataToDoTests;
				PRODUCT_NAME = "$(TARGET_NAME)";
				SWIFT_EMIT_LOC_STRINGS = NO;
				SWIFT_VERSION = 5.0;
				TARGETED_DEVICE_FAMILY = "1,2";
				TEST_HOST = "$(BUILT_PRODUCTS_DIR)/SwiftDataToDo.app/$(BUNDLE_EXECUTABLE_FOLDER_PATH)/SwiftDataToDo";
			};
			name = Release;
		};
		D6D9359F2AE0130F0055E9E1 /* Debug */ = {
			isa = XCBuildConfiguration;
			buildSettings = {
				ALWAYS_EMBED_SWIFT_STANDARD_LIBRARIES = YES;
				CODE_SIGN_STYLE = Automatic;
				CURRENT_PROJECT_VERSION = 1;
				DEVELOPMENT_TEAM = HF42G63PQY;
				GENERATE_INFOPLIST_FILE = YES;
				MARKETING_VERSION = 1.0;
				PRODUCT_BUNDLE_IDENTIFIER = com.ribereo.minami.SwiftDataToDoUITests;
				PRODUCT_NAME = "$(TARGET_NAME)";
				SWIFT_EMIT_LOC_STRINGS = NO;
				SWIFT_VERSION = 5.0;
				TARGETED_DEVICE_FAMILY = "1,2";
				TEST_TARGET_NAME = SwiftDataToDo;
			};
			name = Debug;
		};
		D6D935A02AE0130F0055E9E1 /* Release */ = {
			isa = XCBuildConfiguration;
			buildSettings = {
				ALWAYS_EMBED_SWIFT_STANDARD_LIBRARIES = YES;
				CODE_SIGN_STYLE = Automatic;
				CURRENT_PROJECT_VERSION = 1;
				DEVELOPMENT_TEAM = HF42G63PQY;
				GENERATE_INFOPLIST_FILE = YES;
				MARKETING_VERSION = 1.0;
				PRODUCT_BUNDLE_IDENTIFIER = com.ribereo.minami.SwiftDataToDoUITests;
				PRODUCT_NAME = "$(TARGET_NAME)";
				SWIFT_EMIT_LOC_STRINGS = NO;
				SWIFT_VERSION = 5.0;
				TARGETED_DEVICE_FAMILY = "1,2";
				TEST_TARGET_NAME = SwiftDataToDo;
			};
			name = Release;
		};
/* End XCBuildConfiguration section */

/* Begin XCConfigurationList section */
		D6D9356D2AE0130D0055E9E1 /* Build configuration list for PBXProject "SwiftDataToDo" */ = {
			isa = XCConfigurationList;
			buildConfigurations = (
				D6D935962AE0130F0055E9E1 /* Debug */,
				D6D935972AE0130F0055E9E1 /* Release */,
			);
			defaultConfigurationIsVisible = 0;
			defaultConfigurationName = Release;
		};
		D6D935982AE0130F0055E9E1 /* Build configuration list for PBXNativeTarget "SwiftDataToDo" */ = {
			isa = XCConfigurationList;
			buildConfigurations = (
				D6D935992AE0130F0055E9E1 /* Debug */,
				D6D9359A2AE0130F0055E9E1 /* Release */,
			);
			defaultConfigurationIsVisible = 0;
			defaultConfigurationName = Release;
		};
		D6D9359B2AE0130F0055E9E1 /* Build configuration list for PBXNativeTarget "SwiftDataToDoTests" */ = {
			isa = XCConfigurationList;
			buildConfigurations = (
				D6D9359C2AE0130F0055E9E1 /* Debug */,
				D6D9359D2AE0130F0055E9E1 /* Release */,
			);
			defaultConfigurationIsVisible = 0;
			defaultConfigurationName = Release;
		};
		D6D9359E2AE0130F0055E9E1 /* Build configuration list for PBXNativeTarget "SwiftDataToDoUITests" */ = {
			isa = XCConfigurationList;
			buildConfigurations = (
				D6D9359F2AE0130F0055E9E1 /* Debug */,
				D6D935A02AE0130F0055E9E1 /* Release */,
			);
			defaultConfigurationIsVisible = 0;
			defaultConfigurationName = Release;
		};
/* End XCConfigurationList section */
	};
	rootObject = D6D9356A2AE0130D0055E9E1 /* Project object */;
}
